// !$*UTF8*$!
{
	archiveVersion = 1;
	classes = {
	};
	objectVersion = 56;
	objects = {

/* Begin PBXBuildFile section */
		524142D92AA497AC00825F6B /* AwesomeProjectApp.swift in Sources */ = {isa = PBXBuildFile; fileRef = 524142D82AA497AC00825F6B /* AwesomeProjectApp.swift */; };
		524142DB2AA497AC00825F6B /* ContentView.swift in Sources */ = {isa = PBXBuildFile; fileRef = 524142DA2AA497AC00825F6B /* ContentView.swift */; };
		524142DD2AA497AE00825F6B /* Assets.xcassets in Resources */ = {isa = PBXBuildFile; fileRef = 524142DC2AA497AE00825F6B /* Assets.xcassets */; };
		524142E02AA497AE00825F6B /* Preview Assets.xcassets in Resources */ = {isa = PBXBuildFile; fileRef = 524142DF2AA497AE00825F6B /* Preview Assets.xcassets */; };
		524142EA2AA497AE00825F6B /* AwesomeProjectTests.swift in Sources */ = {isa = PBXBuildFile; fileRef = 524142E92AA497AE00825F6B /* AwesomeProjectTests.swift */; };
		524142F42AA497AE00825F6B /* AwesomeProjectUITests.swift in Sources */ = {isa = PBXBuildFile; fileRef = 524142F32AA497AE00825F6B /* AwesomeProjectUITests.swift */; };
		524142F62AA497AE00825F6B /* AwesomeProjectUITestsLaunchTests.swift in Sources */ = {isa = PBXBuildFile; fileRef = 524142F52AA497AE00825F6B /* AwesomeProjectUITestsLaunchTests.swift */; };
/* End PBXBuildFile section */

/* Begin PBXContainerItemProxy section */
		524142E62AA497AE00825F6B /* PBXContainerItemProxy */ = {
			isa = PBXContainerItemProxy;
			containerPortal = 524142CD2AA497AC00825F6B /* Project object */;
			proxyType = 1;
			remoteGlobalIDString = 524142D42AA497AC00825F6B;
			remoteInfo = AwesomeProject;
		};
		524142F02AA497AE00825F6B /* PBXContainerItemProxy */ = {
			isa = PBXContainerItemProxy;
			containerPortal = 524142CD2AA497AC00825F6B /* Project object */;
			proxyType = 1;
			remoteGlobalIDString = 524142D42AA497AC00825F6B;
			remoteInfo = AwesomeProject;
		};
/* End PBXContainerItemProxy section */

/* Begin PBXFileReference section */
		524142D52AA497AC00825F6B /* AwesomeProject.app */ = {isa = PBXFileReference; explicitFileType = wrapper.application; includeInIndex = 0; path = AwesomeProject.app; sourceTree = BUILT_PRODUCTS_DIR; };
		524142D82AA497AC00825F6B /* AwesomeProjectApp.swift */ = {isa = PBXFileReference; lastKnownFileType = sourcecode.swift; path = AwesomeProjectApp.swift; sourceTree = "<group>"; };
		524142DA2AA497AC00825F6B /* ContentView.swift */ = {isa = PBXFileReference; lastKnownFileType = sourcecode.swift; path = ContentView.swift; sourceTree = "<group>"; };
		524142DC2AA497AE00825F6B /* Assets.xcassets */ = {isa = PBXFileReference; lastKnownFileType = folder.assetcatalog; path = Assets.xcassets; sourceTree = "<group>"; };
		524142DF2AA497AE00825F6B /* Preview Assets.xcassets */ = {isa = PBXFileReference; lastKnownFileType = folder.assetcatalog; path = "Preview Assets.xcassets"; sourceTree = "<group>"; };
		524142E52AA497AE00825F6B /* AwesomeProjectTests.xctest */ = {isa = PBXFileReference; explicitFileType = wrapper.cfbundle; includeInIndex = 0; path = AwesomeProjectTests.xctest; sourceTree = BUILT_PRODUCTS_DIR; };
		524142E92AA497AE00825F6B /* AwesomeProjectTests.swift */ = {isa = PBXFileReference; lastKnownFileType = sourcecode.swift; path = AwesomeProjectTests.swift; sourceTree = "<group>"; };
		524142EF2AA497AE00825F6B /* AwesomeProjectUITests.xctest */ = {isa = PBXFileReference; explicitFileType = wrapper.cfbundle; includeInIndex = 0; path = AwesomeProjectUITests.xctest; sourceTree = BUILT_PRODUCTS_DIR; };
		524142F32AA497AE00825F6B /* AwesomeProjectUITests.swift */ = {isa = PBXFileReference; lastKnownFileType = sourcecode.swift; path = AwesomeProjectUITests.swift; sourceTree = "<group>"; };
		524142F52AA497AE00825F6B /* AwesomeProjectUITestsLaunchTests.swift */ = {isa = PBXFileReference; lastKnownFileType = sourcecode.swift; path = AwesomeProjectUITestsLaunchTests.swift; sourceTree = "<group>"; };
/* End PBXFileReference section */

/* Begin PBXFrameworksBuildPhase section */
		524142D22AA497AC00825F6B /* Frameworks */ = {
			isa = PBXFrameworksBuildPhase;
			buildActionMask = 2147483647;
			files = (
			);
			runOnlyForDeploymentPostprocessing = 0;
		};
		524142E22AA497AE00825F6B /* Frameworks */ = {
			isa = PBXFrameworksBuildPhase;
			buildActionMask = 2147483647;
			files = (
			);
			runOnlyForDeploymentPostprocessing = 0;
		};
		524142EC2AA497AE00825F6B /* Frameworks */ = {
			isa = PBXFrameworksBuildPhase;
			buildActionMask = 2147483647;
			files = (
			);
			runOnlyForDeploymentPostprocessing = 0;
		};
/* End PBXFrameworksBuildPhase section */

/* Begin PBXGroup section */
		524142CC2AA497AC00825F6B = {
			isa = PBXGroup;
			children = (
				524142D72AA497AC00825F6B /* AwesomeProject */,
				524142E82AA497AE00825F6B /* AwesomeProjectTests */,
				524142F22AA497AE00825F6B /* AwesomeProjectUITests */,
				524142D62AA497AC00825F6B /* Products */,
			);
			sourceTree = "<group>";
		};
		524142D62AA497AC00825F6B /* Products */ = {
			isa = PBXGroup;
			children = (
				524142D52AA497AC00825F6B /* AwesomeProject.app */,
				524142E52AA497AE00825F6B /* AwesomeProjectTests.xctest */,
				524142EF2AA497AE00825F6B /* AwesomeProjectUITests.xctest */,
			);
			name = Products;
			sourceTree = "<group>";
		};
		524142D72AA497AC00825F6B /* AwesomeProject */ = {
			isa = PBXGroup;
			children = (
				524142D82AA497AC00825F6B /* AwesomeProjectApp.swift */,
				524142DA2AA497AC00825F6B /* ContentView.swift */,
				524142DC2AA497AE00825F6B /* Assets.xcassets */,
				524142DE2AA497AE00825F6B /* Preview Content */,
			);
			path = AwesomeProject;
			sourceTree = "<group>";
		};
		524142DE2AA497AE00825F6B /* Preview Content */ = {
			isa = PBXGroup;
			children = (
				524142DF2AA497AE00825F6B /* Preview Assets.xcassets */,
			);
			path = "Preview Content";
			sourceTree = "<group>";
		};
		524142E82AA497AE00825F6B /* AwesomeProjectTests */ = {
			isa = PBXGroup;
			children = (
				524142E92AA497AE00825F6B /* AwesomeProjectTests.swift */,
			);
			path = AwesomeProjectTests;
			sourceTree = "<group>";
		};
		524142F22AA497AE00825F6B /* AwesomeProjectUITests */ = {
			isa = PBXGroup;
			children = (
				524142F32AA497AE00825F6B /* AwesomeProjectUITests.swift */,
				524142F52AA497AE00825F6B /* AwesomeProjectUITestsLaunchTests.swift */,
			);
			path = AwesomeProjectUITests;
			sourceTree = "<group>";
		};
/* End PBXGroup section */

/* Begin PBXNativeTarget section */
		524142D42AA497AC00825F6B /* AwesomeProject */ = {
			isa = PBXNativeTarget;
			buildConfigurationList = 524142F92AA497AE00825F6B /* Build configuration list for PBXNativeTarget "AwesomeProject" */;
			buildPhases = (
				524142D12AA497AC00825F6B /* Sources */,
				524142D22AA497AC00825F6B /* Frameworks */,
				524142D32AA497AC00825F6B /* Resources */,
			);
			buildRules = (
			);
			dependencies = (
			);
			name = AwesomeProject;
			productName = AwesomeProject;
			productReference = 524142D52AA497AC00825F6B /* AwesomeProject.app */;
			productType = "com.apple.product-type.application";
		};
		524142E42AA497AE00825F6B /* AwesomeProjectTests */ = {
			isa = PBXNativeTarget;
			buildConfigurationList = 524142FC2AA497AE00825F6B /* Build configuration list for PBXNativeTarget "AwesomeProjectTests" */;
			buildPhases = (
				524142E12AA497AE00825F6B /* Sources */,
				524142E22AA497AE00825F6B /* Frameworks */,
				524142E32AA497AE00825F6B /* Resources */,
			);
			buildRules = (
			);
			dependencies = (
				524142E72AA497AE00825F6B /* PBXTargetDependency */,
			);
			name = AwesomeProjectTests;
			productName = AwesomeProjectTests;
			productReference = 524142E52AA497AE00825F6B /* AwesomeProjectTests.xctest */;
			productType = "com.apple.product-type.bundle.unit-test";
		};
		524142EE2AA497AE00825F6B /* AwesomeProjectUITests */ = {
			isa = PBXNativeTarget;
			buildConfigurationList = 524142FF2AA497AE00825F6B /* Build configuration list for PBXNativeTarget "AwesomeProjectUITests" */;
			buildPhases = (
				524142EB2AA497AE00825F6B /* Sources */,
				524142EC2AA497AE00825F6B /* Frameworks */,
				524142ED2AA497AE00825F6B /* Resources */,
			);
			buildRules = (
			);
			dependencies = (
				524142F12AA497AE00825F6B /* PBXTargetDependency */,
			);
			name = AwesomeProjectUITests;
			productName = AwesomeProjectUITests;
			productReference = 524142EF2AA497AE00825F6B /* AwesomeProjectUITests.xctest */;
			productType = "com.apple.product-type.bundle.ui-testing";
		};
/* End PBXNativeTarget section */

/* Begin PBXProject section */
		524142CD2AA497AC00825F6B /* Project object */ = {
			isa = PBXProject;
			attributes = {
				BuildIndependentTargetsInParallel = 1;
				LastSwiftUpdateCheck = 1430;
				LastUpgradeCheck = 1430;
				TargetAttributes = {
					524142D42AA497AC00825F6B = {
						CreatedOnToolsVersion = 14.3.1;
					};
					524142E42AA497AE00825F6B = {
						CreatedOnToolsVersion = 14.3.1;
						TestTargetID = 524142D42AA497AC00825F6B;
					};
					524142EE2AA497AE00825F6B = {
						CreatedOnToolsVersion = 14.3.1;
						TestTargetID = 524142D42AA497AC00825F6B;
					};
				};
			};
			buildConfigurationList = 524142D02AA497AC00825F6B /* Build configuration list for PBXProject "AwesomeProject" */;
			compatibilityVersion = "Xcode 14.0";
			developmentRegion = en;
			hasScannedForEncodings = 0;
			knownRegions = (
				en,
				Base,
			);
			mainGroup = 524142CC2AA497AC00825F6B;
			productRefGroup = 524142D62AA497AC00825F6B /* Products */;
			projectDirPath = "";
			projectRoot = "";
			targets = (
				524142D42AA497AC00825F6B /* AwesomeProject */,
				524142E42AA497AE00825F6B /* AwesomeProjectTests */,
				524142EE2AA497AE00825F6B /* AwesomeProjectUITests */,
			);
		};
/* End PBXProject section */

/* Begin PBXResourcesBuildPhase section */
		524142D32AA497AC00825F6B /* Resources */ = {
			isa = PBXResourcesBuildPhase;
			buildActionMask = 2147483647;
			files = (
				524142E02AA497AE00825F6B /* Preview Assets.xcassets in Resources */,
				524142DD2AA497AE00825F6B /* Assets.xcassets in Resources */,
			);
			runOnlyForDeploymentPostprocessing = 0;
		};
		524142E32AA497AE00825F6B /* Resources */ = {
			isa = PBXResourcesBuildPhase;
			buildActionMask = 2147483647;
			files = (
			);
			runOnlyForDeploymentPostprocessing = 0;
		};
		524142ED2AA497AE00825F6B /* Resources */ = {
			isa = PBXResourcesBuildPhase;
			buildActionMask = 2147483647;
			files = (
			);
			runOnlyForDeploymentPostprocessing = 0;
		};
/* End PBXResourcesBuildPhase section */

/* Begin PBXSourcesBuildPhase section */
		524142D12AA497AC00825F6B /* Sources */ = {
			isa = PBXSourcesBuildPhase;
			buildActionMask = 2147483647;
			files = (
				524142DB2AA497AC00825F6B /* ContentView.swift in Sources */,
				524142D92AA497AC00825F6B /* AwesomeProjectApp.swift in Sources */,
			);
			runOnlyForDeploymentPostprocessing = 0;
		};
		524142E12AA497AE00825F6B /* Sources */ = {
			isa = PBXSourcesBuildPhase;
			buildActionMask = 2147483647;
			files = (
				524142EA2AA497AE00825F6B /* AwesomeProjectTests.swift in Sources */,
			);
			runOnlyForDeploymentPostprocessing = 0;
		};
		524142EB2AA497AE00825F6B /* Sources */ = {
			isa = PBXSourcesBuildPhase;
			buildActionMask = 2147483647;
			files = (
				524142F62AA497AE00825F6B /* AwesomeProjectUITestsLaunchTests.swift in Sources */,
				524142F42AA497AE00825F6B /* AwesomeProjectUITests.swift in Sources */,
			);
			runOnlyForDeploymentPostprocessing = 0;
		};
/* End PBXSourcesBuildPhase section */

/* Begin PBXTargetDependency section */
		524142E72AA497AE00825F6B /* PBXTargetDependency */ = {
			isa = PBXTargetDependency;
			target = 524142D42AA497AC00825F6B /* AwesomeProject */;
			targetProxy = 524142E62AA497AE00825F6B /* PBXContainerItemProxy */;
		};
		524142F12AA497AE00825F6B /* PBXTargetDependency */ = {
			isa = PBXTargetDependency;
			target = 524142D42AA497AC00825F6B /* AwesomeProject */;
			targetProxy = 524142F02AA497AE00825F6B /* PBXContainerItemProxy */;
		};
/* End PBXTargetDependency section */

/* Begin XCBuildConfiguration section */
		524142F72AA497AE00825F6B /* Debug */ = {
			isa = XCBuildConfiguration;
			buildSettings = {
				ALWAYS_SEARCH_USER_PATHS = NO;
				CLANG_ANALYZER_NONNULL = YES;
				CLANG_ANALYZER_NUMBER_OBJECT_CONVERSION = YES_AGGRESSIVE;
				CLANG_CXX_LANGUAGE_STANDARD = "gnu++20";
				CLANG_ENABLE_MODULES = YES;
				CLANG_ENABLE_OBJC_ARC = YES;
				CLANG_ENABLE_OBJC_WEAK = YES;
				CLANG_WARN_BLOCK_CAPTURE_AUTORELEASING = YES;
				CLANG_WARN_BOOL_CONVERSION = YES;
				CLANG_WARN_COMMA = YES;
				CLANG_WARN_CONSTANT_CONVERSION = YES;
				CLANG_WARN_DEPRECATED_OBJC_IMPLEMENTATIONS = YES;
				CLANG_WARN_DIRECT_OBJC_ISA_USAGE = YES_ERROR;
				CLANG_WARN_DOCUMENTATION_COMMENTS = YES;
				CLANG_WARN_EMPTY_BODY = YES;
				CLANG_WARN_ENUM_CONVERSION = YES;
				CLANG_WARN_INFINITE_RECURSION = YES;
				CLANG_WARN_INT_CONVERSION = YES;
				CLANG_WARN_NON_LITERAL_NULL_CONVERSION = YES;
				CLANG_WARN_OBJC_IMPLICIT_RETAIN_SELF = YES;
				CLANG_WARN_OBJC_LITERAL_CONVERSION = YES;
				CLANG_WARN_OBJC_ROOT_CLASS = YES_ERROR;
				CLANG_WARN_QUOTED_INCLUDE_IN_FRAMEWORK_HEADER = YES;
				CLANG_WARN_RANGE_LOOP_ANALYSIS = YES;
				CLANG_WARN_STRICT_PROTOTYPES = YES;
				CLANG_WARN_SUSPICIOUS_MOVE = YES;
				CLANG_WARN_UNGUARDED_AVAILABILITY = YES_AGGRESSIVE;
				CLANG_WARN_UNREACHABLE_CODE = YES;
				CLANG_WARN__DUPLICATE_METHOD_MATCH = YES;
				COPY_PHASE_STRIP = NO;
				DEBUG_INFORMATION_FORMAT = dwarf;
				ENABLE_STRICT_OBJC_MSGSEND = YES;
				ENABLE_TESTABILITY = YES;
				GCC_C_LANGUAGE_STANDARD = gnu11;
				GCC_DYNAMIC_NO_PIC = NO;
				GCC_NO_COMMON_BLOCKS = YES;
				GCC_OPTIMIZATION_LEVEL = 0;
				GCC_PREPROCESSOR_DEFINITIONS = (
					"DEBUG=1",
					"$(inherited)",
				);
				GCC_WARN_64_TO_32_BIT_CONVERSION = YES;
				GCC_WARN_ABOUT_RETURN_TYPE = YES_ERROR;
				GCC_WARN_UNDECLARED_SELECTOR = YES;
				GCC_WARN_UNINITIALIZED_AUTOS = YES_AGGRESSIVE;
				GCC_WARN_UNUSED_FUNCTION = YES;
				GCC_WARN_UNUSED_VARIABLE = YES;
				IPHONEOS_DEPLOYMENT_TARGET = 16.4;
				MTL_ENABLE_DEBUG_INFO = INCLUDE_SOURCE;
				MTL_FAST_MATH = YES;
				ONLY_ACTIVE_ARCH = YES;
				SDKROOT = iphoneos;
				SWIFT_ACTIVE_COMPILATION_CONDITIONS = DEBUG;
				SWIFT_OPTIMIZATION_LEVEL = "-Onone";
			};
			name = Debug;
		};
		524142F82AA497AE00825F6B /* Release */ = {
			isa = XCBuildConfiguration;
			buildSettings = {
				ALWAYS_SEARCH_USER_PATHS = NO;
				CLANG_ANALYZER_NONNULL = YES;
				CLANG_ANALYZER_NUMBER_OBJECT_CONVERSION = YES_AGGRESSIVE;
				CLANG_CXX_LANGUAGE_STANDARD = "gnu++20";
				CLANG_ENABLE_MODULES = YES;
				CLANG_ENABLE_OBJC_ARC = YES;
				CLANG_ENABLE_OBJC_WEAK = YES;
				CLANG_WARN_BLOCK_CAPTURE_AUTORELEASING = YES;
				CLANG_WARN_BOOL_CONVERSION = YES;
				CLANG_WARN_COMMA = YES;
				CLANG_WARN_CONSTANT_CONVERSION = YES;
				CLANG_WARN_DEPRECATED_OBJC_IMPLEMENTATIONS = YES;
				CLANG_WARN_DIRECT_OBJC_ISA_USAGE = YES_ERROR;
				CLANG_WARN_DOCUMENTATION_COMMENTS = YES;
				CLANG_WARN_EMPTY_BODY = YES;
				CLANG_WARN_ENUM_CONVERSION = YES;
				CLANG_WARN_INFINITE_RECURSION = YES;
				CLANG_WARN_INT_CONVERSION = YES;
				CLANG_WARN_NON_LITERAL_NULL_CONVERSION = YES;
				CLANG_WARN_OBJC_IMPLICIT_RETAIN_SELF = YES;
				CLANG_WARN_OBJC_LITERAL_CONVERSION = YES;
				CLANG_WARN_OBJC_ROOT_CLASS = YES_ERROR;
				CLANG_WARN_QUOTED_INCLUDE_IN_FRAMEWORK_HEADER = YES;
				CLANG_WARN_RANGE_LOOP_ANALYSIS = YES;
				CLANG_WARN_STRICT_PROTOTYPES = YES;
				CLANG_WARN_SUSPICIOUS_MOVE = YES;
				CLANG_WARN_UNGUARDED_AVAILABILITY = YES_AGGRESSIVE;
				CLANG_WARN_UNREACHABLE_CODE = YES;
				CLANG_WARN__DUPLICATE_METHOD_MATCH = YES;
				COPY_PHASE_STRIP = NO;
				DEBUG_INFORMATION_FORMAT = "dwarf-with-dsym";
				ENABLE_NS_ASSERTIONS = NO;
				ENABLE_STRICT_OBJC_MSGSEND = YES;
				GCC_C_LANGUAGE_STANDARD = gnu11;
				GCC_NO_COMMON_BLOCKS = YES;
				GCC_WARN_64_TO_32_BIT_CONVERSION = YES;
				GCC_WARN_ABOUT_RETURN_TYPE = YES_ERROR;
				GCC_WARN_UNDECLARED_SELECTOR = YES;
				GCC_WARN_UNINITIALIZED_AUTOS = YES_AGGRESSIVE;
				GCC_WARN_UNUSED_FUNCTION = YES;
				GCC_WARN_UNUSED_VARIABLE = YES;
				IPHONEOS_DEPLOYMENT_TARGET = 16.4;
				MTL_ENABLE_DEBUG_INFO = NO;
				MTL_FAST_MATH = YES;
				SDKROOT = iphoneos;
				SWIFT_COMPILATION_MODE = wholemodule;
				SWIFT_OPTIMIZATION_LEVEL = "-O";
				VALIDATE_PRODUCT = YES;
			};
			name = Release;
		};
		524142FA2AA497AE00825F6B /* Debug */ = {
			isa = XCBuildConfiguration;
			buildSettings = {
				ASSETCATALOG_COMPILER_APPICON_NAME = AppIcon;
				ASSETCATALOG_COMPILER_GLOBAL_ACCENT_COLOR_NAME = AccentColor;
				CODE_SIGN_STYLE = Automatic;
				CURRENT_PROJECT_VERSION = 1;
				DEVELOPMENT_ASSET_PATHS = "\"AwesomeProject/Preview Content\"";
				ENABLE_PREVIEWS = YES;
				GENERATE_INFOPLIST_FILE = YES;
				INFOPLIST_KEY_UIApplicationSceneManifest_Generation = YES;
				INFOPLIST_KEY_UIApplicationSupportsIndirectInputEvents = YES;
				INFOPLIST_KEY_UILaunchScreen_Generation = YES;
				INFOPLIST_KEY_UISupportedInterfaceOrientations_iPad = "UIInterfaceOrientationPortrait UIInterfaceOrientationPortraitUpsideDown UIInterfaceOrientationLandscapeLeft UIInterfaceOrientationLandscapeRight";
				INFOPLIST_KEY_UISupportedInterfaceOrientations_iPhone = "UIInterfaceOrientationPortrait UIInterfaceOrientationLandscapeLeft UIInterfaceOrientationLandscapeRight";
				LD_RUNPATH_SEARCH_PATHS = (
					"$(inherited)",
					"@executable_path/Frameworks",
				);
				MARKETING_VERSION = 1.0;
				PRODUCT_BUNDLE_IDENTIFIER = com.example.AwesomeProject;
				PRODUCT_NAME = "$(TARGET_NAME)";
				SWIFT_EMIT_LOC_STRINGS = YES;
				SWIFT_VERSION = 5.0;
				TARGETED_DEVICE_FAMILY = "1,2";
			};
			name = Debug;
		};
		524142FB2AA497AE00825F6B /* Release */ = {
			isa = XCBuildConfiguration;
			buildSettings = {
				ASSETCATALOG_COMPILER_APPICON_NAME = AppIcon;
				ASSETCATALOG_COMPILER_GLOBAL_ACCENT_COLOR_NAME = AccentColor;
				CODE_SIGN_STYLE = Automatic;
				CURRENT_PROJECT_VERSION = 1;
				DEVELOPMENT_ASSET_PATHS = "\"AwesomeProject/Preview Content\"";
				ENABLE_PREVIEWS = YES;
				GENERATE_INFOPLIST_FILE = YES;
				INFOPLIST_KEY_UIApplicationSceneManifest_Generation = YES;
				INFOPLIST_KEY_UIApplicationSupportsIndirectInputEvents = YES;
				INFOPLIST_KEY_UILaunchScreen_Generation = YES;
				INFOPLIST_KEY_UISupportedInterfaceOrientations_iPad = "UIInterfaceOrientationPortrait UIInterfaceOrientationPortraitUpsideDown UIInterfaceOrientationLandscapeLeft UIInterfaceOrientationLandscapeRight";
				INFOPLIST_KEY_UISupportedInterfaceOrientations_iPhone = "UIInterfaceOrientationPortrait UIInterfaceOrientationLandscapeLeft UIInterfaceOrientationLandscapeRight";
				LD_RUNPATH_SEARCH_PATHS = (
					"$(inherited)",
					"@executable_path/Frameworks",
				);
				MARKETING_VERSION = 1.0;
				PRODUCT_BUNDLE_IDENTIFIER = com.example.AwesomeProject;
				PRODUCT_NAME = "$(TARGET_NAME)";
				SWIFT_EMIT_LOC_STRINGS = YES;
				SWIFT_VERSION = 5.0;
				TARGETED_DEVICE_FAMILY = "1,2";
			};
			name = Release;
		};
		524142FD2AA497AE00825F6B /* Debug */ = {
			isa = XCBuildConfiguration;
			buildSettings = {
				ALWAYS_EMBED_SWIFT_STANDARD_LIBRARIES = YES;
				BUNDLE_LOADER = "$(TEST_HOST)";
				CODE_SIGN_STYLE = Automatic;
				CURRENT_PROJECT_VERSION = 1;
				GENERATE_INFOPLIST_FILE = YES;
				IPHONEOS_DEPLOYMENT_TARGET = 16.4;
				MARKETING_VERSION = 1.0;
				PRODUCT_BUNDLE_IDENTIFIER = com.example.AwesomeProjectTests;
				PRODUCT_NAME = "$(TARGET_NAME)";
				SWIFT_EMIT_LOC_STRINGS = NO;
				SWIFT_VERSION = 5.0;
				TARGETED_DEVICE_FAMILY = "1,2";
				TEST_HOST = "$(BUILT_PRODUCTS_DIR)/AwesomeProject.app/$(BUNDLE_EXECUTABLE_FOLDER_PATH)/AwesomeProject";
			};
			name = Debug;
		};
		524142FE2AA497AE00825F6B /* Release */ = {
			isa = XCBuildConfiguration;
			buildSettings = {
				ALWAYS_EMBED_SWIFT_STANDARD_LIBRARIES = YES;
				BUNDLE_LOADER = "$(TEST_HOST)";
				CODE_SIGN_STYLE = Automatic;
				CURRENT_PROJECT_VERSION = 1;
				GENERATE_INFOPLIST_FILE = YES;
				IPHONEOS_DEPLOYMENT_TARGET = 16.4;
				MARKETING_VERSION = 1.0;
				PRODUCT_BUNDLE_IDENTIFIER = com.example.AwesomeProjectTests;
				PRODUCT_NAME = "$(TARGET_NAME)";
				SWIFT_EMIT_LOC_STRINGS = NO;
				SWIFT_VERSION = 5.0;
				TARGETED_DEVICE_FAMILY = "1,2";
				TEST_HOST = "$(BUILT_PRODUCTS_DIR)/AwesomeProject.app/$(BUNDLE_EXECUTABLE_FOLDER_PATH)/AwesomeProject";
			};
			name = Release;
		};
		524143002AA497AE00825F6B /* Debug */ = {
			isa = XCBuildConfiguration;
			buildSettings = {
				ALWAYS_EMBED_SWIFT_STANDARD_LIBRARIES = YES;
				CODE_SIGN_STYLE = Automatic;
				CURRENT_PROJECT_VERSION = 1;
				GENERATE_INFOPLIST_FILE = YES;
				MARKETING_VERSION = 1.0;
				PRODUCT_BUNDLE_IDENTIFIER = com.example.AwesomeProjectUITests;
				PRODUCT_NAME = "$(TARGET_NAME)";
				SWIFT_EMIT_LOC_STRINGS = NO;
				SWIFT_VERSION = 5.0;
				TARGETED_DEVICE_FAMILY = "1,2";
				TEST_TARGET_NAME = AwesomeProject;
			};
			name = Debug;
		};
		524143012AA497AE00825F6B /* Release */ = {
			isa = XCBuildConfiguration;
			buildSettings = {
				ALWAYS_EMBED_SWIFT_STANDARD_LIBRARIES = YES;
				CODE_SIGN_STYLE = Automatic;
				CURRENT_PROJECT_VERSION = 1;
				GENERATE_INFOPLIST_FILE = YES;
				MARKETING_VERSION = 1.0;
				PRODUCT_BUNDLE_IDENTIFIER = com.example.AwesomeProjectUITests;
				PRODUCT_NAME = "$(TARGET_NAME)";
				SWIFT_EMIT_LOC_STRINGS = NO;
				SWIFT_VERSION = 5.0;
				TARGETED_DEVICE_FAMILY = "1,2";
				TEST_TARGET_NAME = AwesomeProject;
			};
			name = Release;
		};
/* End XCBuildConfiguration section */

/* Begin XCConfigurationList section */
		524142D02AA497AC00825F6B /* Build configuration list for PBXProject "AwesomeProject" */ = {
			isa = XCConfigurationList;
			buildConfigurations = (
				524142F72AA497AE00825F6B /* Debug */,
				524142F82AA497AE00825F6B /* Release */,
			);
			defaultConfigurationIsVisible = 0;
			defaultConfigurationName = Release;
		};
		524142F92AA497AE00825F6B /* Build configuration list for PBXNativeTarget "AwesomeProject" */ = {
			isa = XCConfigurationList;
			buildConfigurations = (
				524142FA2AA497AE00825F6B /* Debug */,
				524142FB2AA497AE00825F6B /* Release */,
			);
			defaultConfigurationIsVisible = 0;
			defaultConfigurationName = Release;
		};
		524142FC2AA497AE00825F6B /* Build configuration list for PBXNativeTarget "AwesomeProjectTests" */ = {
			isa = XCConfigurationList;
			buildConfigurations = (
				524142FD2AA497AE00825F6B /* Debug */,
				524142FE2AA497AE00825F6B /* Release */,
			);
			defaultConfigurationIsVisible = 0;
			defaultConfigurationName = Release;
		};
		524142FF2AA497AE00825F6B /* Build configuration list for PBXNativeTarget "AwesomeProjectUITests" */ = {
			isa = XCConfigurationList;
			buildConfigurations = (
				524143002AA497AE00825F6B /* Debug */,
				524143012AA497AE00825F6B /* Release */,
			);
			defaultConfigurationIsVisible = 0;
			defaultConfigurationName = Release;
		};
/* End XCConfigurationList section */
	};
	rootObject = 524142CD2AA497AC00825F6B /* Project object */;
}
